// !$*UTF8*$!
{
	archiveVersion = 1;
	classes = {
	};
	objectVersion = 56;
	objects = {

/* Begin PBXBuildFile section */
		C2AA0C962C3DF02900CD5E2E /* MapVirtualTuristApp.swift in Sources */ = {isa = PBXBuildFile; fileRef = C2AA0C952C3DF02900CD5E2E /* MapVirtualTuristApp.swift */; };
		C2AA0C982C3DF02900CD5E2E /* ContentView.swift in Sources */ = {isa = PBXBuildFile; fileRef = C2AA0C972C3DF02900CD5E2E /* ContentView.swift */; };
		C2AA0C9A2C3DF02B00CD5E2E /* Assets.xcassets in Resources */ = {isa = PBXBuildFile; fileRef = C2AA0C992C3DF02B00CD5E2E /* Assets.xcassets */; };
		C2AA0C9D2C3DF02B00CD5E2E /* Preview Assets.xcassets in Resources */ = {isa = PBXBuildFile; fileRef = C2AA0C9C2C3DF02B00CD5E2E /* Preview Assets.xcassets */; };
		C2AA0CA52C3DF0B300CD5E2E /* Location.swift in Sources */ = {isa = PBXBuildFile; fileRef = C2AA0CA42C3DF0B300CD5E2E /* Location.swift */; };
		C2AA0CA82C3DF1BE00CD5E2E /* LocationViewModel.swift in Sources */ = {isa = PBXBuildFile; fileRef = C2AA0CA72C3DF1BE00CD5E2E /* LocationViewModel.swift */; };
		C2AA0CAB2C3DF4FC00CD5E2E /* PersistenceController.swift in Sources */ = {isa = PBXBuildFile; fileRef = C2AA0CAA2C3DF4FC00CD5E2E /* PersistenceController.swift */; };
		C2AA0CAE2C3E974D00CD5E2E /* ImagePicker.swift in Sources */ = {isa = PBXBuildFile; fileRef = C2AA0CAD2C3E974D00CD5E2E /* ImagePicker.swift */; };
/* End PBXBuildFile section */

/* Begin PBXFileReference section */
		C2AA0C922C3DF02900CD5E2E /* MapVirtualTurist.app */ = {isa = PBXFileReference; explicitFileType = wrapper.application; includeInIndex = 0; path = MapVirtualTurist.app; sourceTree = BUILT_PRODUCTS_DIR; };
		C2AA0C952C3DF02900CD5E2E /* MapVirtualTuristApp.swift */ = {isa = PBXFileReference; lastKnownFileType = sourcecode.swift; path = MapVirtualTuristApp.swift; sourceTree = "<group>"; };
		C2AA0C972C3DF02900CD5E2E /* ContentView.swift */ = {isa = PBXFileReference; lastKnownFileType = sourcecode.swift; path = ContentView.swift; sourceTree = "<group>"; };
		C2AA0C992C3DF02B00CD5E2E /* Assets.xcassets */ = {isa = PBXFileReference; lastKnownFileType = folder.assetcatalog; path = Assets.xcassets; sourceTree = "<group>"; };
		C2AA0C9C2C3DF02B00CD5E2E /* Preview Assets.xcassets */ = {isa = PBXFileReference; lastKnownFileType = folder.assetcatalog; path = "Preview Assets.xcassets"; sourceTree = "<group>"; };
		C2AA0CA42C3DF0B300CD5E2E /* Location.swift */ = {isa = PBXFileReference; lastKnownFileType = sourcecode.swift; path = Location.swift; sourceTree = "<group>"; };
		C2AA0CA72C3DF1BE00CD5E2E /* LocationViewModel.swift */ = {isa = PBXFileReference; lastKnownFileType = sourcecode.swift; path = LocationViewModel.swift; sourceTree = "<group>"; };
		C2AA0CAA2C3DF4FC00CD5E2E /* PersistenceController.swift */ = {isa = PBXFileReference; lastKnownFileType = sourcecode.swift; path = PersistenceController.swift; sourceTree = "<group>"; };
		C2AA0CAC2C3DFBD300CD5E2E /* Info.plist */ = {isa = PBXFileReference; lastKnownFileType = text.plist; path = Info.plist; sourceTree = "<group>"; };
		C2AA0CAD2C3E974D00CD5E2E /* ImagePicker.swift */ = {isa = PBXFileReference; lastKnownFileType = sourcecode.swift; path = ImagePicker.swift; sourceTree = "<group>"; };
/* End PBXFileReference section */

/* Begin PBXFrameworksBuildPhase section */
		C2AA0C8F2C3DF02900CD5E2E /* Frameworks */ = {
			isa = PBXFrameworksBuildPhase;
			buildActionMask = 2147483647;
			files = (
			);
			runOnlyForDeploymentPostprocessing = 0;
		};
/* End PBXFrameworksBuildPhase section */

/* Begin PBXGroup section */
		C2AA0C892C3DF02900CD5E2E = {
			isa = PBXGroup;
			children = (
				C2AA0C942C3DF02900CD5E2E /* MapVirtualTurist */,
				C2AA0C932C3DF02900CD5E2E /* Products */,
			);
			sourceTree = "<group>";
		};
		C2AA0C932C3DF02900CD5E2E /* Products */ = {
			isa = PBXGroup;
			children = (
				C2AA0C922C3DF02900CD5E2E /* MapVirtualTurist.app */,
			);
			name = Products;
			sourceTree = "<group>";
		};
		C2AA0C942C3DF02900CD5E2E /* MapVirtualTurist */ = {
			isa = PBXGroup;
			children = (
				C2AA0CAC2C3DFBD300CD5E2E /* Info.plist */,
				C2AA0CA92C3DF4D800CD5E2E /* CoreData */,
				C2AA0CA62C3DF1A800CD5E2E /* ViewModel */,
				C2AA0CA32C3DF08600CD5E2E /* Model */,
				C2AA0C952C3DF02900CD5E2E /* MapVirtualTuristApp.swift */,
				C2AA0C972C3DF02900CD5E2E /* ContentView.swift */,
				C2AA0C992C3DF02B00CD5E2E /* Assets.xcassets */,
				C2AA0C9B2C3DF02B00CD5E2E /* Preview Content */,
				C2AA0CAD2C3E974D00CD5E2E /* ImagePicker.swift */,
			);
			path = MapVirtualTurist;
			sourceTree = "<group>";
		};
		C2AA0C9B2C3DF02B00CD5E2E /* Preview Content */ = {
			isa = PBXGroup;
			children = (
				C2AA0C9C2C3DF02B00CD5E2E /* Preview Assets.xcassets */,
			);
			path = "Preview Content";
			sourceTree = "<group>";
		};
		C2AA0CA32C3DF08600CD5E2E /* Model */ = {
			isa = PBXGroup;
			children = (
				C2AA0CA42C3DF0B300CD5E2E /* Location.swift */,
			);
			path = Model;
			sourceTree = "<group>";
		};
		C2AA0CA62C3DF1A800CD5E2E /* ViewModel */ = {
			isa = PBXGroup;
			children = (
				C2AA0CA72C3DF1BE00CD5E2E /* LocationViewModel.swift */,
			);
			path = ViewModel;
			sourceTree = "<group>";
		};
		C2AA0CA92C3DF4D800CD5E2E /* CoreData */ = {
			isa = PBXGroup;
			children = (
				C2AA0CAA2C3DF4FC00CD5E2E /* PersistenceController.swift */,
			);
			path = CoreData;
			sourceTree = "<group>";
		};
/* End PBXGroup section */

/* Begin PBXNativeTarget section */
		C2AA0C912C3DF02900CD5E2E /* MapVirtualTurist */ = {
			isa = PBXNativeTarget;
			buildConfigurationList = C2AA0CA02C3DF02B00CD5E2E /* Build configuration list for PBXNativeTarget "MapVirtualTurist" */;
			buildPhases = (
				C2AA0C8E2C3DF02900CD5E2E /* Sources */,
				C2AA0C8F2C3DF02900CD5E2E /* Frameworks */,
				C2AA0C902C3DF02900CD5E2E /* Resources */,
			);
			buildRules = (
			);
			dependencies = (
			);
			name = MapVirtualTurist;
			productName = MapVirtualTurist;
			productReference = C2AA0C922C3DF02900CD5E2E /* MapVirtualTurist.app */;
			productType = "com.apple.product-type.application";
		};
/* End PBXNativeTarget section */

/* Begin PBXProject section */
		C2AA0C8A2C3DF02900CD5E2E /* Project object */ = {
			isa = PBXProject;
			attributes = {
				BuildIndependentTargetsInParallel = 1;
				LastSwiftUpdateCheck = 1540;
				LastUpgradeCheck = 1540;
				TargetAttributes = {
					C2AA0C912C3DF02900CD5E2E = {
						CreatedOnToolsVersion = 15.4;
					};
				};
			};
			buildConfigurationList = C2AA0C8D2C3DF02900CD5E2E /* Build configuration list for PBXProject "MapVirtualTurist" */;
			compatibilityVersion = "Xcode 14.0";
			developmentRegion = en;
			hasScannedForEncodings = 0;
			knownRegions = (
				en,
				Base,
			);
			mainGroup = C2AA0C892C3DF02900CD5E2E;
			productRefGroup = C2AA0C932C3DF02900CD5E2E /* Products */;
			projectDirPath = "";
			projectRoot = "";
			targets = (
				C2AA0C912C3DF02900CD5E2E /* MapVirtualTurist */,
			);
		};
/* End PBXProject section */

/* Begin PBXResourcesBuildPhase section */
		C2AA0C902C3DF02900CD5E2E /* Resources */ = {
			isa = PBXResourcesBuildPhase;
			buildActionMask = 2147483647;
			files = (
				C2AA0C9D2C3DF02B00CD5E2E /* Preview Assets.xcassets in Resources */,
				C2AA0C9A2C3DF02B00CD5E2E /* Assets.xcassets in Resources */,
			);
			runOnlyForDeploymentPostprocessing = 0;
		};
/* End PBXResourcesBuildPhase section */

/* Begin PBXSourcesBuildPhase section */
		C2AA0C8E2C3DF02900CD5E2E /* Sources */ = {
			isa = PBXSourcesBuildPhase;
			buildActionMask = 2147483647;
			files = (
				C2AA0C982C3DF02900CD5E2E /* ContentView.swift in Sources */,
				C2AA0CA52C3DF0B300CD5E2E /* Location.swift in Sources */,
				C2AA0C962C3DF02900CD5E2E /* MapVirtualTuristApp.swift in Sources */,
				C2AA0CAE2C3E974D00CD5E2E /* ImagePicker.swift in Sources */,
				C2AA0CA82C3DF1BE00CD5E2E /* LocationViewModel.swift in Sources */,
				C2AA0CAB2C3DF4FC00CD5E2E /* PersistenceController.swift in Sources */,
			);
			runOnlyForDeploymentPostprocessing = 0;
		};
/* End PBXSourcesBuildPhase section */

/* Begin XCBuildConfiguration section */
		C2AA0C9E2C3DF02B00CD5E2E /* Debug */ = {
			isa = XCBuildConfiguration;
			buildSettings = {
				ALWAYS_SEARCH_USER_PATHS = NO;
				ASSETCATALOG_COMPILER_GENERATE_SWIFT_ASSET_SYMBOL_EXTENSIONS = YES;
				CLANG_ANALYZER_NONNULL = YES;
				CLANG_ANALYZER_NUMBER_OBJECT_CONVERSION = YES_AGGRESSIVE;
				CLANG_CXX_LANGUAGE_STANDARD = "gnu++20";
				CLANG_ENABLE_MODULES = YES;
				CLANG_ENABLE_OBJC_ARC = YES;
				CLANG_ENABLE_OBJC_WEAK = YES;
				CLANG_WARN_BLOCK_CAPTURE_AUTORELEASING = YES;
				CLANG_WARN_BOOL_CONVERSION = YES;
				CLANG_WARN_COMMA = YES;
				CLANG_WARN_CONSTANT_CONVERSION = YES;
				CLANG_WARN_DEPRECATED_OBJC_IMPLEMENTATIONS = YES;
				CLANG_WARN_DIRECT_OBJC_ISA_USAGE = YES_ERROR;
				CLANG_WARN_DOCUMENTATION_COMMENTS = YES;
				CLANG_WARN_EMPTY_BODY = YES;
				CLANG_WARN_ENUM_CONVERSION = YES;
				CLANG_WARN_INFINITE_RECURSION = YES;
				CLANG_WARN_INT_CONVERSION = YES;
				CLANG_WARN_NON_LITERAL_NULL_CONVERSION = YES;
				CLANG_WARN_OBJC_IMPLICIT_RETAIN_SELF = YES;
				CLANG_WARN_OBJC_LITERAL_CONVERSION = YES;
				CLANG_WARN_OBJC_ROOT_CLASS = YES_ERROR;
				CLANG_WARN_QUOTED_INCLUDE_IN_FRAMEWORK_HEADER = YES;
				CLANG_WARN_RANGE_LOOP_ANALYSIS = YES;
				CLANG_WARN_STRICT_PROTOTYPES = YES;
				CLANG_WARN_SUSPICIOUS_MOVE = YES;
				CLANG_WARN_UNGUARDED_AVAILABILITY = YES_AGGRESSIVE;
				CLANG_WARN_UNREACHABLE_CODE = YES;
				CLANG_WARN__DUPLICATE_METHOD_MATCH = YES;
				COPY_PHASE_STRIP = NO;
				DEBUG_INFORMATION_FORMAT = dwarf;
				ENABLE_STRICT_OBJC_MSGSEND = YES;
				ENABLE_TESTABILITY = YES;
				ENABLE_USER_SCRIPT_SANDBOXING = YES;
				GCC_C_LANGUAGE_STANDARD = gnu17;
				GCC_DYNAMIC_NO_PIC = NO;
				GCC_NO_COMMON_BLOCKS = YES;
				GCC_OPTIMIZATION_LEVEL = 0;
				GCC_PREPROCESSOR_DEFINITIONS = (
					"DEBUG=1",
					"$(inherited)",
				);
				GCC_WARN_64_TO_32_BIT_CONVERSION = YES;
				GCC_WARN_ABOUT_RETURN_TYPE = YES_ERROR;
				GCC_WARN_UNDECLARED_SELECTOR = YES;
				GCC_WARN_UNINITIALIZED_AUTOS = YES_AGGRESSIVE;
				GCC_WARN_UNUSED_FUNCTION = YES;
				GCC_WARN_UNUSED_VARIABLE = YES;
				IPHONEOS_DEPLOYMENT_TARGET = 15.0;
				LOCALIZATION_PREFERS_STRING_CATALOGS = YES;
				MTL_ENABLE_DEBUG_INFO = INCLUDE_SOURCE;
				MTL_FAST_MATH = YES;
				ONLY_ACTIVE_ARCH = YES;
				SDKROOT = iphoneos;
				SWIFT_ACTIVE_COMPILATION_CONDITIONS = "DEBUG $(inherited)";
				SWIFT_OPTIMIZATION_LEVEL = "-Onone";
			};
			name = Debug;
		};
		C2AA0C9F2C3DF02B00CD5E2E /* Release */ = {
			isa = XCBuildConfiguration;
			buildSettings = {
				ALWAYS_SEARCH_USER_PATHS = NO;
				ASSETCATALOG_COMPILER_GENERATE_SWIFT_ASSET_SYMBOL_EXTENSIONS = YES;
				CLANG_ANALYZER_NONNULL = YES;
				CLANG_ANALYZER_NUMBER_OBJECT_CONVERSION = YES_AGGRESSIVE;
				CLANG_CXX_LANGUAGE_STANDARD = "gnu++20";
				CLANG_ENABLE_MODULES = YES;
				CLANG_ENABLE_OBJC_ARC = YES;
				CLANG_ENABLE_OBJC_WEAK = YES;
				CLANG_WARN_BLOCK_CAPTURE_AUTORELEASING = YES;
				CLANG_WARN_BOOL_CONVERSION = YES;
				CLANG_WARN_COMMA = YES;
				CLANG_WARN_CONSTANT_CONVERSION = YES;
				CLANG_WARN_DEPRECATED_OBJC_IMPLEMENTATIONS = YES;
				CLANG_WARN_DIRECT_OBJC_ISA_USAGE = YES_ERROR;
				CLANG_WARN_DOCUMENTATION_COMMENTS = YES;
				CLANG_WARN_EMPTY_BODY = YES;
				CLANG_WARN_ENUM_CONVERSION = YES;
				CLANG_WARN_INFINITE_RECURSION = YES;
				CLANG_WARN_INT_CONVERSION = YES;
				CLANG_WARN_NON_LITERAL_NULL_CONVERSION = YES;
				CLANG_WARN_OBJC_IMPLICIT_RETAIN_SELF = YES;
				CLANG_WARN_OBJC_LITERAL_CONVERSION = YES;
				CLANG_WARN_OBJC_ROOT_CLASS = YES_ERROR;
				CLANG_WARN_QUOTED_INCLUDE_IN_FRAMEWORK_HEADER = YES;
				CLANG_WARN_RANGE_LOOP_ANALYSIS = YES;
				CLANG_WARN_STRICT_PROTOTYPES = YES;
				CLANG_WARN_SUSPICIOUS_MOVE = YES;
				CLANG_WARN_UNGUARDED_AVAILABILITY = YES_AGGRESSIVE;
				CLANG_WARN_UNREACHABLE_CODE = YES;
				CLANG_WARN__DUPLICATE_METHOD_MATCH = YES;
				COPY_PHASE_STRIP = NO;
				DEBUG_INFORMATION_FORMAT = "dwarf-with-dsym";
				ENABLE_NS_ASSERTIONS = NO;
				ENABLE_STRICT_OBJC_MSGSEND = YES;
				ENABLE_USER_SCRIPT_SANDBOXING = YES;
				GCC_C_LANGUAGE_STANDARD = gnu17;
				GCC_NO_COMMON_BLOCKS = YES;
				GCC_WARN_64_TO_32_BIT_CONVERSION = YES;
				GCC_WARN_ABOUT_RETURN_TYPE = YES_ERROR;
				GCC_WARN_UNDECLARED_SELECTOR = YES;
				GCC_WARN_UNINITIALIZED_AUTOS = YES_AGGRESSIVE;
				GCC_WARN_UNUSED_FUNCTION = YES;
				GCC_WARN_UNUSED_VARIABLE = YES;
				IPHONEOS_DEPLOYMENT_TARGET = 15.0;
				LOCALIZATION_PREFERS_STRING_CATALOGS = YES;
				MTL_ENABLE_DEBUG_INFO = NO;
				MTL_FAST_MATH = YES;
				SDKROOT = iphoneos;
				SWIFT_COMPILATION_MODE = wholemodule;
				VALIDATE_PRODUCT = YES;
			};
			name = Release;
		};
		C2AA0CA12C3DF02B00CD5E2E /* Debug */ = {
			isa = XCBuildConfiguration;
			buildSettings = {
				ASSETCATALOG_COMPILER_APPICON_NAME = AppIcon;
				ASSETCATALOG_COMPILER_GLOBAL_ACCENT_COLOR_NAME = AccentColor;
				CODE_SIGN_STYLE = Automatic;
				CURRENT_PROJECT_VERSION = 1;
				DEVELOPMENT_ASSET_PATHS = "\"MapVirtualTurist/Preview Content\"";
				ENABLE_PREVIEWS = YES;
				GENERATE_INFOPLIST_FILE = YES;
				INFOPLIST_FILE = MapVirtualTurist/Info.plist;
				INFOPLIST_KEY_UIApplicationSceneManifest_Generation = YES;
				INFOPLIST_KEY_UIApplicationSupportsIndirectInputEvents = YES;
				INFOPLIST_KEY_UILaunchScreen_Generation = YES;
				INFOPLIST_KEY_UISupportedInterfaceOrientations_iPad = "UIInterfaceOrientationPortrait UIInterfaceOrientationPortraitUpsideDown UIInterfaceOrientationLandscapeLeft UIInterfaceOrientationLandscapeRight";
				INFOPLIST_KEY_UISupportedInterfaceOrientations_iPhone = "UIInterfaceOrientationPortrait UIInterfaceOrientationLandscapeLeft UIInterfaceOrientationLandscapeRight";
				LD_RUNPATH_SEARCH_PATHS = (
					"$(inherited)",
					"@executable_path/Frameworks",
				);
				MARKETING_VERSION = 1.0;
				PRODUCT_BUNDLE_IDENTIFIER = elis.pethke.MapVirtualTurist;
				PRODUCT_NAME = "$(TARGET_NAME)";
				SWIFT_EMIT_LOC_STRINGS = YES;
				SWIFT_VERSION = 5.0;
				TARGETED_DEVICE_FAMILY = "1,2";
			};
			name = Debug;
		};
		C2AA0CA22C3DF02B00CD5E2E /* Release */ = {
			isa = XCBuildConfiguration;
			buildSettings = {
				ASSETCATALOG_COMPILER_APPICON_NAME = AppIcon;
				ASSETCATALOG_COMPILER_GLOBAL_ACCENT_COLOR_NAME = AccentColor;
				CODE_SIGN_STYLE = Automatic;
				CURRENT_PROJECT_VERSION = 1;
				DEVELOPMENT_ASSET_PATHS = "\"MapVirtualTurist/Preview Content\"";
				ENABLE_PREVIEWS = YES;
				GENERATE_INFOPLIST_FILE = YES;
				INFOPLIST_FILE = MapVirtualTurist/Info.plist;
				INFOPLIST_KEY_UIApplicationSceneManifest_Generation = YES;
				INFOPLIST_KEY_UIApplicationSupportsIndirectInputEvents = YES;
				INFOPLIST_KEY_UILaunchScreen_Generation = YES;
				INFOPLIST_KEY_UISupportedInterfaceOrientations_iPad = "UIInterfaceOrientationPortrait UIInterfaceOrientationPortraitUpsideDown UIInterfaceOrientationLandscapeLeft UIInterfaceOrientationLandscapeRight";
				INFOPLIST_KEY_UISupportedInterfaceOrientations_iPhone = "UIInterfaceOrientationPortrait UIInterfaceOrientationLandscapeLeft UIInterfaceOrientationLandscapeRight";
				LD_RUNPATH_SEARCH_PATHS = (
					"$(inherited)",
					"@executable_path/Frameworks",
				);
				MARKETING_VERSION = 1.0;
				PRODUCT_BUNDLE_IDENTIFIER = elis.pethke.MapVirtualTurist;
				PRODUCT_NAME = "$(TARGET_NAME)";
				SWIFT_EMIT_LOC_STRINGS = YES;
				SWIFT_VERSION = 5.0;
				TARGETED_DEVICE_FAMILY = "1,2";
			};
			name = Release;
		};
/* End XCBuildConfiguration section */

/* Begin XCConfigurationList section */
		C2AA0C8D2C3DF02900CD5E2E /* Build configuration list for PBXProject "MapVirtualTurist" */ = {
			isa = XCConfigurationList;
			buildConfigurations = (
				C2AA0C9E2C3DF02B00CD5E2E /* Debug */,
				C2AA0C9F2C3DF02B00CD5E2E /* Release */,
			);
			defaultConfigurationIsVisible = 0;
			defaultConfigurationName = Release;
		};
		C2AA0CA02C3DF02B00CD5E2E /* Build configuration list for PBXNativeTarget "MapVirtualTurist" */ = {
			isa = XCConfigurationList;
			buildConfigurations = (
				C2AA0CA12C3DF02B00CD5E2E /* Debug */,
				C2AA0CA22C3DF02B00CD5E2E /* Release */,
			);
			defaultConfigurationIsVisible = 0;
			defaultConfigurationName = Release;
		};
/* End XCConfigurationList section */
	};
	rootObject = C2AA0C8A2C3DF02900CD5E2E /* Project object */;
}
